
Microsoft Visual Studio Solution File, Format Version 12.00
# Visual Studio Version 16
VisualStudioVersion = 16.0.31424.327
MinimumVisualStudioVersion = 10.0.40219.1
Project("{8BC9CEB8-8B4A-11D0-8D11-00A0C91BC942}") = "comp", "comp\comp.vcxproj", "{C04FAD6D-5DAB-417A-8FDB-FF8CA69B2F34}"
EndProject
Global
	GlobalSection(SolutionConfigurationPlatforms) = preSolution
		Debug|x64 = Debug|x64
		Debug|x86 = Debug|x86
		Release|x64 = Release|x64
		Release|x86 = Release|x86
	EndGlobalSection
	GlobalSection(ProjectConfigurationPlatforms) = postSolution
		{C04FAD6D-5DAB-417A-8FDB-FF8CA69B2F34}.Debug|x64.ActiveCfg = Debug|x64
		{C04FAD6D-5DAB-417A-8FDB-FF8CA69B2F34}.Debug|x64.Build.0 = Debug|x64
		{C04FAD6D-5DAB-417A-8FDB-FF8CA69B2F34}.Debug|x86.ActiveCfg = Debug|Win32
		{C04FAD6D-5DAB-417A-8FDB-FF8CA69B2F34}.Debug|x86.Build.0 = Debug|Win32
		{C04FAD6D-5DAB-417A-8FDB-FF8CA69B2F34}.Release|x64.ActiveCfg = Release|x64
		{C04FAD6D-5DAB-417A-8FDB-FF8CA69B2F34}.Release|x64.Build.0 = Release|x64
		{C04FAD6D-5DAB-417A-8FDB-FF8CA69B2F34}.Release|x86.ActiveCfg = Release|Win32
		{C04FAD6D-5DAB-417A-8FDB-FF8CA69B2F34}.Release|x86.Build.0 = Release|Win32
	EndGlobalSection
	GlobalSection(SolutionProperties) = preSolution
		HideSolutionNode = FALSE
	EndGlobalSection
	GlobalSection(ExtensibilityGlobals) = postSolution
		SolutionGuid = {01C1A089-FFB3-4A87-8B2E-C781DE76FC2E}
	EndGlobalSection
EndGlobal
